
Microsoft Visual Studio Solution File, Format Version 12.00
# Visual Studio Version 17
VisualStudioVersion = 17.0.31912.275
MinimumVisualStudioVersion = 10.0.40219.1
Project("{9A19103F-16F7-4668-BE54-9A1E7A4F7556}") = "CastleTours.Server", "Server\CastleTours.Server.csproj", "{6CE78DC4-ABC3-47A0-932C-7401F3CF5C18}"
EndProject
Project("{9A19103F-16F7-4668-BE54-9A1E7A4F7556}") = "CastleTours.Client", "Client\CastleTours.Client.csproj", "{C6A04C0D-E966-4D92-B18E-FD111A197395}"
EndProject
Project("{9A19103F-16F7-4668-BE54-9A1E7A4F7556}") = "CastleTours.Shared", "Shared\CastleTours.Shared.csproj", "{0B78AFDF-2BBC-403C-8C03-5900A315DA9F}"
EndProject
Global
	GlobalSection(SolutionConfigurationPlatforms) = preSolution
		Debug|Any CPU = Debug|Any CPU
		Release|Any CPU = Release|Any CPU
	EndGlobalSection
	GlobalSection(ProjectConfigurationPlatforms) = postSolution
		{6CE78DC4-ABC3-47A0-932C-7401F3CF5C18}.Debug|Any CPU.ActiveCfg = Debug|Any CPU
		{6CE78DC4-ABC3-47A0-932C-7401F3CF5C18}.Debug|Any CPU.Build.0 = Debug|Any CPU
		{6CE78DC4-ABC3-47A0-932C-7401F3CF5C18}.Release|Any CPU.ActiveCfg = Release|Any CPU
		{6CE78DC4-ABC3-47A0-932C-7401F3CF5C18}.Release|Any CPU.Build.0 = Release|Any CPU
		{C6A04C0D-E966-4D92-B18E-FD111A197395}.Debug|Any CPU.ActiveCfg = Debug|Any CPU
		{C6A04C0D-E966-4D92-B18E-FD111A197395}.Debug|Any CPU.Build.0 = Debug|Any CPU
		{C6A04C0D-E966-4D92-B18E-FD111A197395}.Release|Any CPU.ActiveCfg = Release|Any CPU
		{C6A04C0D-E966-4D92-B18E-FD111A197395}.Release|Any CPU.Build.0 = Release|Any CPU
		{0B78AFDF-2BBC-403C-8C03-5900A315DA9F}.Debug|Any CPU.ActiveCfg = Debug|Any CPU
		{0B78AFDF-2BBC-403C-8C03-5900A315DA9F}.Debug|Any CPU.Build.0 = Debug|Any CPU
		{0B78AFDF-2BBC-403C-8C03-5900A315DA9F}.Release|Any CPU.ActiveCfg = Release|Any CPU
		{0B78AFDF-2BBC-403C-8C03-5900A315DA9F}.Release|Any CPU.Build.0 = Release|Any CPU
	EndGlobalSection
	GlobalSection(SolutionProperties) = preSolution
		HideSolutionNode = FALSE
	EndGlobalSection
	GlobalSection(ExtensibilityGlobals) = postSolution
		SolutionGuid = {5233FD8B-5F89-48F1-8031-F54AA8AA3DDA}
	EndGlobalSection
EndGlobal
